
Microsoft Visual Studio Solution File, Format Version 12.00
# Visual Studio Version 17
VisualStudioVersion = 17.14.37314.3 d17.14
MinimumVisualStudioVersion = 10.0.40219.1
Project("{FAE04EC0-301F-11D3-BF4B-00C04F79EFBC}") = "interview management", "interview management\interview management.csproj", "{6CDCF8D7-D4DD-4EE2-B86F-61E073A109AA}"
EndProject
Global
	GlobalSection(SolutionConfigurationPlatforms) = preSolution
		Debug|Any CPU = Debug|Any CPU
		Release|Any CPU = Release|Any CPU
	EndGlobalSection
	GlobalSection(ProjectConfigurationPlatforms) = postSolution
		{6CDCF8D7-D4DD-4EE2-B86F-61E073A109AA}.Debug|Any CPU.ActiveCfg = Debug|Any CPU
		{6CDCF8D7-D4DD-4EE2-B86F-61E073A109AA}.Debug|Any CPU.Build.0 = Debug|Any CPU
		{6CDCF8D7-D4DD-4EE2-B86F-61E073A109AA}.Release|Any CPU.ActiveCfg = Release|Any CPU
		{6CDCF8D7-D4DD-4EE2-B86F-61E073A109AA}.Release|Any CPU.Build.0 = Release|Any CPU
	EndGlobalSection
	GlobalSection(SolutionProperties) = preSolution
		HideSolutionNode = FALSE
	EndGlobalSection
	GlobalSection(ExtensibilityGlobals) = postSolution
		SolutionGuid = {C4E74CFE-C3FA-4B76-8472-0E2D2DA4C376}
	EndGlobalSection
EndGlobal
